
Microsoft Visual Studio Solution File, Format Version 12.00
# Visual Studio Version 16
VisualStudioVersion = 16.0.29324.140
MinimumVisualStudioVersion = 10.0.40219.1
Project("{FAE04EC0-301F-11D3-BF4B-00C04F79EFBC}") = "PPPprodavnica1", "PPPprodavnica1\PPPprodavnica1.csproj", "{C289D25F-E241-4456-916D-CA7CC7DE7E0E}"
EndProject
Global
	GlobalSection(SolutionConfigurationPlatforms) = preSolution
		Debug|Any CPU = Debug|Any CPU
		Release|Any CPU = Release|Any CPU
	EndGlobalSection
	GlobalSection(ProjectConfigurationPlatforms) = postSolution
		{C289D25F-E241-4456-916D-CA7CC7DE7E0E}.Debug|Any CPU.ActiveCfg = Debug|Any CPU
		{C289D25F-E241-4456-916D-CA7CC7DE7E0E}.Debug|Any CPU.Build.0 = Debug|Any CPU
		{C289D25F-E241-4456-916D-CA7CC7DE7E0E}.Release|Any CPU.ActiveCfg = Release|Any CPU
		{C289D25F-E241-4456-916D-CA7CC7DE7E0E}.Release|Any CPU.Build.0 = Release|Any CPU
	EndGlobalSection
	GlobalSection(SolutionProperties) = preSolution
		HideSolutionNode = FALSE
	EndGlobalSection
	GlobalSection(ExtensibilityGlobals) = postSolution
		SolutionGuid = {3269616C-D627-419C-9C28-403B88FC7DF8}
	EndGlobalSection
EndGlobal
